<?xml version="1.0" encoding="utf-8"?>
<Project ToolsVersion="4.0" xmlns="http://schemas.microsoft.com/developer/msbuild/2003">
  <ItemGroup>
    <ClCompile Include="Buffer.cpp">
      <Filter>Draw\Buffer</Filter>
    </ClCompile>
    <ClCompile Include="Animation.cpp">
      <Filter>Draw\Image/Animation</Filter>
    </ClCompile>
    <ClCompile Include="Image.cpp">
      <Filter>Draw\Image/Animation</Filter>
    </ClCompile>
    <ClCompile Include="Label.cpp">
      <Filter>Draw\Text</Filter>
    </ClCompile>
    <ClCompile Include="Menu.cpp">
      <Filter>Menu</Filter>
    </ClCompile>
    <ClCompile Include="main.cpp">
      <Filter>Resource</Filter>
    </ClCompile>
    <ClCompile Include="Button.cpp">
      <Filter>Input\Buttons</Filter>
    </ClCompile>
    <ClCompile Include="Cursor.cpp">
      <Filter>Input\Cursors</Filter>
    </ClCompile>
    <ClCompile Include="Car.cpp">
      <Filter>Racing</Filter>
    </ClCompile>
    <ClCompile Include="Map.cpp">
      <Filter>Racing</Filter>
    </ClCompile>
    <ClCompile Include="CarEnemy.cpp">
      <Filter>Racing</Filter>
    </ClCompile>
  </ItemGroup>
  <ItemGroup>
    <Filter Include="Draw">
      <UniqueIdentifier>{84f5b72e-a7ab-4a84-9291-cb07d6f39c65}</UniqueIdentifier>
    </Filter>
    <Filter Include="Draw\Buffer">
      <UniqueIdentifier>{b503b8a9-054f-4fa8-8c9d-78e71925d358}</UniqueIdentifier>
    </Filter>
    <Filter Include="Draw\Image/Animation">
      <UniqueIdentifier>{ce6356da-1343-47d9-92e1-a6a4d1c57b6b}</UniqueIdentifier>
    </Filter>
    <Filter Include="Input">
      <UniqueIdentifier>{09ccaf7b-cacb-488c-bfdb-02e7080073d9}</UniqueIdentifier>
    </Filter>
    <Filter Include="Draw\Text">
      <UniqueIdentifier>{5d0bb017-5e29-4919-8580-b23390c92c58}</UniqueIdentifier>
    </Filter>
    <Filter Include="Menu">
      <UniqueIdentifier>{22234487-e3ae-4807-961c-84107a042d6d}</UniqueIdentifier>
    </Filter>
    <Filter Include="Resource">
      <UniqueIdentifier>{21f54897-2cc1-4768-9f54-d49b76f9e165}</UniqueIdentifier>
    </Filter>
    <Filter Include="Input\Buttons">
      <UniqueIdentifier>{a0beb032-89aa-49d8-a3fd-faf3000ac375}</UniqueIdentifier>
    </Filter>
    <Filter Include="Input\Cursors">
      <UniqueIdentifier>{27b07164-f73c-45f4-96be-fede6584f1a8}</UniqueIdentifier>
    </Filter>
    <Filter Include="Resource\SelectGameMenu">
      <UniqueIdentifier>{b12fbbbb-0565-4a6a-b006-3b46e4349eae}</UniqueIdentifier>
    </Filter>
    <Filter Include="Resource\MainMenu">
      <UniqueIdentifier>{9fccf90a-25a0-4260-97c3-a558be8df1f4}</UniqueIdentifier>
    </Filter>
    <Filter Include="Racing">
      <UniqueIdentifier>{0e4af6d2-7770-4692-8a4d-4dc89a352d85}</UniqueIdentifier>
    </Filter>
    <Filter Include="Resource\Racing">
      <UniqueIdentifier>{71c481c6-d3c8-4ca3-82ee-6c81d00f1f3e}</UniqueIdentifier>
    </Filter>
  </ItemGroup>
  <ItemGroup>
    <ClInclude Include="Buffer.h">
      <Filter>Draw\Buffer</Filter>
    </ClInclude>
    <ClInclude Include="Animation.h">
      <Filter>Draw\Image/Animation</Filter>
    </ClInclude>
    <ClInclude Include="Image.h">
      <Filter>Draw\Image/Animation</Filter>
    </ClInclude>
    <ClInclude Include="Label.h">
      <Filter>Draw\Text</Filter>
    </ClInclude>
    <ClInclude Include="Menu.h">
      <Filter>Menu</Filter>
    </ClInclude>
    <ClInclude Include="Button.h">
      <Filter>Input\Buttons</Filter>
    </ClInclude>
    <ClInclude Include="Cursor.h">
      <Filter>Input\Cursors</Filter>
    </ClInclude>
    <ClInclude Include="Car.h">
      <Filter>Racing</Filter>
    </ClInclude>
    <ClInclude Include="Map.h">
      <Filter>Racing</Filter>
    </ClInclude>
    <ClInclude Include="CarEnemy.h">
      <Filter>Racing</Filter>
    </ClInclude>
  </ItemGroup>
  <ItemGroup>
    <Text Include="SGM_border.txt">
      <Filter>Resource\SelectGameMenu</Filter>
    </Text>
    <Text Include="MM_border.txt">
      <Filter>Resource\MainMenu</Filter>
    </Text>
    <Text Include="MM_cursor.txt">
      <Filter>Resource\MainMenu</Filter>
    </Text>
    <Text Include="MM_logo.txt">
      <Filter>Resource\MainMenu</Filter>
    </Text>
    <Text Include="MM_anim.txt">
      <Filter>Resource\MainMenu</Filter>
    </Text>
    <Text Include="MM_button.txt">
      <Filter>Resource\MainMenu</Filter>
    </Text>
    <Text Include="SGM_concept.txt">
      <Filter>Resource\SelectGameMenu</Filter>
    </Text>
    <Text Include="SGM_buttonDefault.txt">
      <Filter>Resource\SelectGameMenu</Filter>
    </Text>
    <Text Include="R_gameField.txt">
      <Filter>Resource\Racing</Filter>
    </Text>
    <Text Include="R_cars.txt">
      <Filter>Resource\Racing</Filter>
    </Text>
    <Text Include="R_scoreBoard.txt">
      <Filter>Resource\Racing</Filter>
    </Text>
    <Text Include="R_end.txt">
      <Filter>Resource\Racing</Filter>
    </Text>
  </ItemGroup>
</Project>